
Microsoft Visual Studio Solution File, Format Version 12.00
# Visual Studio Version 17
VisualStudioVersion = 17.0.31903.59
MinimumVisualStudioVersion = 10.0.40219.1
Project("{2150E333-8FDC-42A3-9474-1A3956D46DE8}") = "src", "src", "{827E0CD3-B72D-47B6-A68D-7590B98EB39B}"
EndProject
Project("{FAE04EC0-301F-11D3-BF4B-00C04F79EFBC}") = "FurniSpace.Domain", "..\..\src\FurniSpace.Domain\FurniSpace.Domain.csproj", "{19E06F86-9992-4DD0-8DE3-2A3AD56A8573}"
EndProject
Project("{FAE04EC0-301F-11D3-BF4B-00C04F79EFBC}") = "FurniSpace.Application", "..\..\src\FurniSpace.Application\FurniSpace.Application.csproj", "{92E8A36E-7D1B-4C20-A0D1-A3F658D6E0A1}"
EndProject
Project("{FAE04EC0-301F-11D3-BF4B-00C04F79EFBC}") = "FurniSpace.Infrastructure", "..\..\src\FurniSpace.Infrastructure\FurniSpace.Infrastructure.csproj", "{4E578E75-654B-4B29-B5C0-C4B5989E6369}"
EndProject
Project("{FAE04EC0-301F-11D3-BF4B-00C04F79EFBC}") = "FurniSpace.Shared", "..\..\src\FurniSpace.Shared\FurniSpace.Shared.csproj", "{FC685A5D-9D2F-46C2-AA6D-B5621694D2A6}"
EndProject
Project("{FAE04EC0-301F-11D3-BF4B-00C04F79EFBC}") = "FurniSpace.API", "..\..\src\FurniSpace.API\FurniSpace.API.csproj", "{29ED0B67-7B61-4C60-ABC5-762E40B12B4E}"
EndProject
Project("{2150E333-8FDC-42A3-9474-1A3956D46DE8}") = "tests", "tests", "{0AB3BF05-4346-4AA6-1389-037BE0695223}"
EndProject
Project("{FAE04EC0-301F-11D3-BF4B-00C04F79EFBC}") = "FurniSpace.Testing", "FurniSpace.Testing\FurniSpace.Testing.csproj", "{A691FE98-0E97-4E52-B71A-6D50CE742A07}"
EndProject
Project("{FAE04EC0-301F-11D3-BF4B-00C04F79EFBC}") = "FurniSpace.Infrastructure.IntegrationTests", "FurniSpace.Infrastructure.IntegrationTests\FurniSpace.Infrastructure.IntegrationTests.csproj", "{404F5504-C06D-40B9-92EC-1954E2209BE6}"
EndProject
Project("{FAE04EC0-301F-11D3-BF4B-00C04F79EFBC}") = "FurniSpace.Application.IntegrationTests", "FurniSpace.Application.IntegrationTests\FurniSpace.Application.IntegrationTests.csproj", "{B640BD3E-658C-4B8C-B669-AEF23A040F45}"
EndProject
Project("{FAE04EC0-301F-11D3-BF4B-00C04F79EFBC}") = "FurniSpace.API.IntegrationTests", "FurniSpace.API.IntegrationTests\FurniSpace.API.IntegrationTests.csproj", "{94999ACC-9CCA-447D-8BBC-ECA7A3AB62A8}"
EndProject
Global
	GlobalSection(SolutionConfigurationPlatforms) = preSolution
		Debug|Any CPU = Debug|Any CPU
		Debug|x64 = Debug|x64
		Debug|x86 = Debug|x86
		Release|Any CPU = Release|Any CPU
		Release|x64 = Release|x64
		Release|x86 = Release|x86
	EndGlobalSection
	GlobalSection(ProjectConfigurationPlatforms) = postSolution
		{19E06F86-9992-4DD0-8DE3-2A3AD56A8573}.Debug|Any CPU.ActiveCfg = Debug|Any CPU
		{19E06F86-9992-4DD0-8DE3-2A3AD56A8573}.Debug|Any CPU.Build.0 = Debug|Any CPU
		{19E06F86-9992-4DD0-8DE3-2A3AD56A8573}.Debug|x64.ActiveCfg = Debug|Any CPU
		{19E06F86-9992-4DD0-8DE3-2A3AD56A8573}.Debug|x64.Build.0 = Debug|Any CPU
		{19E06F86-9992-4DD0-8DE3-2A3AD56A8573}.Debug|x86.ActiveCfg = Debug|Any CPU
		{19E06F86-9992-4DD0-8DE3-2A3AD56A8573}.Debug|x86.Build.0 = Debug|Any CPU
		{19E06F86-9992-4DD0-8DE3-2A3AD56A8573}.Release|Any CPU.ActiveCfg = Release|Any CPU
		{19E06F86-9992-4DD0-8DE3-2A3AD56A8573}.Release|Any CPU.Build.0 = Release|Any CPU
		{19E06F86-9992-4DD0-8DE3-2A3AD56A8573}.Release|x64.ActiveCfg = Release|Any CPU
		{19E06F86-9992-4DD0-8DE3-2A3AD56A8573}.Release|x64.Build.0 = Release|Any CPU
		{19E06F86-9992-4DD0-8DE3-2A3AD56A8573}.Release|x86.ActiveCfg = Release|Any CPU
		{19E06F86-9992-4DD0-8DE3-2A3AD56A8573}.Release|x86.Build.0 = Release|Any CPU
		{92E8A36E-7D1B-4C20-A0D1-A3F658D6E0A1}.Debug|Any CPU.ActiveCfg = Debug|Any CPU
		{92E8A36E-7D1B-4C20-A0D1-A3F658D6E0A1}.Debug|Any CPU.Build.0 = Debug|Any CPU
		{92E8A36E-7D1B-4C20-A0D1-A3F658D6E0A1}.Debug|x64.ActiveCfg = Debug|Any CPU
		{92E8A36E-7D1B-4C20-A0D1-A3F658D6E0A1}.Debug|x64.Build.0 = Debug|Any CPU
		{92E8A36E-7D1B-4C20-A0D1-A3F658D6E0A1}.Debug|x86.ActiveCfg = Debug|Any CPU
		{92E8A36E-7D1B-4C20-A0D1-A3F658D6E0A1}.Debug|x86.Build.0 = Debug|Any CPU
		{92E8A36E-7D1B-4C20-A0D1-A3F658D6E0A1}.Release|Any CPU.ActiveCfg = Release|Any CPU
		{92E8A36E-7D1B-4C20-A0D1-A3F658D6E0A1}.Release|Any CPU.Build.0 = Release|Any CPU
		{92E8A36E-7D1B-4C20-A0D1-A3F658D6E0A1}.Release|x64.ActiveCfg = Release|Any CPU
		{92E8A36E-7D1B-4C20-A0D1-A3F658D6E0A1}.Release|x64.Build.0 = Release|Any CPU
		{92E8A36E-7D1B-4C20-A0D1-A3F658D6E0A1}.Release|x86.ActiveCfg = Release|Any CPU
		{92E8A36E-7D1B-4C20-A0D1-A3F658D6E0A1}.Release|x86.Build.0 = Release|Any CPU
		{4E578E75-654B-4B29-B5C0-C4B5989E6369}.Debug|Any CPU.ActiveCfg = Debug|Any CPU
		{4E578E75-654B-4B29-B5C0-C4B5989E6369}.Debug|Any CPU.Build.0 = Debug|Any CPU
		{4E578E75-654B-4B29-B5C0-C4B5989E6369}.Debug|x64.ActiveCfg = Debug|Any CPU
		{4E578E75-654B-4B29-B5C0-C4B5989E6369}.Debug|x64.Build.0 = Debug|Any CPU
		{4E578E75-654B-4B29-B5C0-C4B5989E6369}.Debug|x86.ActiveCfg = Debug|Any CPU
		{4E578E75-654B-4B29-B5C0-C4B5989E6369}.Debug|x86.Build.0 = Debug|Any CPU
		{4E578E75-654B-4B29-B5C0-C4B5989E6369}.Release|Any CPU.ActiveCfg = Release|Any CPU
		{4E578E75-654B-4B29-B5C0-C4B5989E6369}.Release|Any CPU.Build.0 = Release|Any CPU
		{4E578E75-654B-4B29-B5C0-C4B5989E6369}.Release|x64.ActiveCfg = Release|Any CPU
		{4E578E75-654B-4B29-B5C0-C4B5989E6369}.Release|x64.Build.0 = Release|Any CPU
		{4E578E75-654B-4B29-B5C0-C4B5989E6369}.Release|x86.ActiveCfg = Release|Any CPU
		{4E578E75-654B-4B29-B5C0-C4B5989E6369}.Release|x86.Build.0 = Release|Any CPU
		{FC685A5D-9D2F-46C2-AA6D-B5621694D2A6}.Debug|Any CPU.ActiveCfg = Debug|Any CPU
		{FC685A5D-9D2F-46C2-AA6D-B5621694D2A6}.Debug|Any CPU.Build.0 = Debug|Any CPU
		{FC685A5D-9D2F-46C2-AA6D-B5621694D2A6}.Debug|x64.ActiveCfg = Debug|Any CPU
		{FC685A5D-9D2F-46C2-AA6D-B5621694D2A6}.Debug|x64.Build.0 = Debug|Any CPU
		{FC685A5D-9D2F-46C2-AA6D-B5621694D2A6}.Debug|x86.ActiveCfg = Debug|Any CPU
		{FC685A5D-9D2F-46C2-AA6D-B5621694D2A6}.Debug|x86.Build.0 = Debug|Any CPU
		{FC685A5D-9D2F-46C2-AA6D-B5621694D2A6}.Release|Any CPU.ActiveCfg = Release|Any CPU
		{FC685A5D-9D2F-46C2-AA6D-B5621694D2A6}.Release|Any CPU.Build.0 = Release|Any CPU
		{FC685A5D-9D2F-46C2-AA6D-B5621694D2A6}.Release|x64.ActiveCfg = Release|Any CPU
		{FC685A5D-9D2F-46C2-AA6D-B5621694D2A6}.Release|x64.Build.0 = Release|Any CPU
		{FC685A5D-9D2F-46C2-AA6D-B5621694D2A6}.Release|x86.ActiveCfg = Release|Any CPU
		{FC685A5D-9D2F-46C2-AA6D-B5621694D2A6}.Release|x86.Build.0 = Release|Any CPU
		{29ED0B67-7B61-4C60-ABC5-762E40B12B4E}.Debug|Any CPU.ActiveCfg = Debug|Any CPU
		{29ED0B67-7B61-4C60-ABC5-762E40B12B4E}.Debug|Any CPU.Build.0 = Debug|Any CPU
		{29ED0B67-7B61-4C60-ABC5-762E40B12B4E}.Debug|x64.ActiveCfg = Debug|Any CPU
		{29ED0B67-7B61-4C60-ABC5-762E40B12B4E}.Debug|x64.Build.0 = Debug|Any CPU
		{29ED0B67-7B61-4C60-ABC5-762E40B12B4E}.Debug|x86.ActiveCfg = Debug|Any CPU
		{29ED0B67-7B61-4C60-ABC5-762E40B12B4E}.Debug|x86.Build.0 = Debug|Any CPU
		{29ED0B67-7B61-4C60-ABC5-762E40B12B4E}.Release|Any CPU.ActiveCfg = Release|Any CPU
		{29ED0B67-7B61-4C60-ABC5-762E40B12B4E}.Release|Any CPU.Build.0 = Release|Any CPU
		{29ED0B67-7B61-4C60-ABC5-762E40B12B4E}.Release|x64.ActiveCfg = Release|Any CPU
		{29ED0B67-7B61-4C60-ABC5-762E40B12B4E}.Release|x64.Build.0 = Release|Any CPU
		{29ED0B67-7B61-4C60-ABC5-762E40B12B4E}.Release|x86.ActiveCfg = Release|Any CPU
		{29ED0B67-7B61-4C60-ABC5-762E40B12B4E}.Release|x86.Build.0 = Release|Any CPU
		{A691FE98-0E97-4E52-B71A-6D50CE742A07}.Debug|Any CPU.ActiveCfg = Debug|Any CPU
		{A691FE98-0E97-4E52-B71A-6D50CE742A07}.Debug|Any CPU.Build.0 = Debug|Any CPU
		{A691FE98-0E97-4E52-B71A-6D50CE742A07}.Debug|x64.ActiveCfg = Debug|Any CPU
		{A691FE98-0E97-4E52-B71A-6D50CE742A07}.Debug|x64.Build.0 = Debug|Any CPU
		{A691FE98-0E97-4E52-B71A-6D50CE742A07}.Debug|x86.ActiveCfg = Debug|Any CPU
		{A691FE98-0E97-4E52-B71A-6D50CE742A07}.Debug|x86.Build.0 = Debug|Any CPU
		{A691FE98-0E97-4E52-B71A-6D50CE742A07}.Release|Any CPU.ActiveCfg = Release|Any CPU
		{A691FE98-0E97-4E52-B71A-6D50CE742A07}.Release|Any CPU.Build.0 = Release|Any CPU
		{A691FE98-0E97-4E52-B71A-6D50CE742A07}.Release|x64.ActiveCfg = Release|Any CPU
		{A691FE98-0E97-4E52-B71A-6D50CE742A07}.Release|x64.Build.0 = Release|Any CPU
		{A691FE98-0E97-4E52-B71A-6D50CE742A07}.Release|x86.ActiveCfg = Release|Any CPU
		{A691FE98-0E97-4E52-B71A-6D50CE742A07}.Release|x86.Build.0 = Release|Any CPU
		{404F5504-C06D-40B9-92EC-1954E2209BE6}.Debug|Any CPU.ActiveCfg = Debug|Any CPU
		{404F5504-C06D-40B9-92EC-1954E2209BE6}.Debug|Any CPU.Build.0 = Debug|Any CPU
		{404F5504-C06D-40B9-92EC-1954E2209BE6}.Debug|x64.ActiveCfg = Debug|Any CPU
		{404F5504-C06D-40B9-92EC-1954E2209BE6}.Debug|x64.Build.0 = Debug|Any CPU
		{404F5504-C06D-40B9-92EC-1954E2209BE6}.Debug|x86.ActiveCfg = Debug|Any CPU
		{404F5504-C06D-40B9-92EC-1954E2209BE6}.Debug|x86.Build.0 = Debug|Any CPU
		{404F5504-C06D-40B9-92EC-1954E2209BE6}.Release|Any CPU.ActiveCfg = Release|Any CPU
		{404F5504-C06D-40B9-92EC-1954E2209BE6}.Release|Any CPU.Build.0 = Release|Any CPU
		{404F5504-C06D-40B9-92EC-1954E2209BE6}.Release|x64.ActiveCfg = Release|Any CPU
		{404F5504-C06D-40B9-92EC-1954E2209BE6}.Release|x64.Build.0 = Release|Any CPU
		{404F5504-C06D-40B9-92EC-1954E2209BE6}.Release|x86.ActiveCfg = Release|Any CPU
		{404F5504-C06D-40B9-92EC-1954E2209BE6}.Release|x86.Build.0 = Release|Any CPU
		{B640BD3E-658C-4B8C-B669-AEF23A040F45}.Debug|Any CPU.ActiveCfg = Debug|Any CPU
		{B640BD3E-658C-4B8C-B669-AEF23A040F45}.Debug|Any CPU.Build.0 = Debug|Any CPU
		{B640BD3E-658C-4B8C-B669-AEF23A040F45}.Debug|x64.ActiveCfg = Debug|Any CPU
		{B640BD3E-658C-4B8C-B669-AEF23A040F45}.Debug|x64.Build.0 = Debug|Any CPU
		{B640BD3E-658C-4B8C-B669-AEF23A040F45}.Debug|x86.ActiveCfg = Debug|Any CPU
		{B640BD3E-658C-4B8C-B669-AEF23A040F45}.Debug|x86.Build.0 = Debug|Any CPU
		{B640BD3E-658C-4B8C-B669-AEF23A040F45}.Release|Any CPU.ActiveCfg = Release|Any CPU
		{B640BD3E-658C-4B8C-B669-AEF23A040F45}.Release|Any CPU.Build.0 = Release|Any CPU
		{B640BD3E-658C-4B8C-B669-AEF23A040F45}.Release|x64.ActiveCfg = Release|Any CPU
		{B640BD3E-658C-4B8C-B669-AEF23A040F45}.Release|x64.Build.0 = Release|Any CPU
		{B640BD3E-658C-4B8C-B669-AEF23A040F45}.Release|x86.ActiveCfg = Release|Any CPU
		{B640BD3E-658C-4B8C-B669-AEF23A040F45}.Release|x86.Build.0 = Release|Any CPU
		{94999ACC-9CCA-447D-8BBC-ECA7A3AB62A8}.Debug|Any CPU.ActiveCfg = Debug|Any CPU
		{94999ACC-9CCA-447D-8BBC-ECA7A3AB62A8}.Debug|Any CPU.Build.0 = Debug|Any CPU
		{94999ACC-9CCA-447D-8BBC-ECA7A3AB62A8}.Debug|x64.ActiveCfg = Debug|Any CPU
		{94999ACC-9CCA-447D-8BBC-ECA7A3AB62A8}.Debug|x64.Build.0 = Debug|Any CPU
		{94999ACC-9CCA-447D-8BBC-ECA7A3AB62A8}.Debug|x86.ActiveCfg = Debug|Any CPU
		{94999ACC-9CCA-447D-8BBC-ECA7A3AB62A8}.Debug|x86.Build.0 = Debug|Any CPU
		{94999ACC-9CCA-447D-8BBC-ECA7A3AB62A8}.Release|Any CPU.ActiveCfg = Release|Any CPU
		{94999ACC-9CCA-447D-8BBC-ECA7A3AB62A8}.Release|Any CPU.Build.0 = Release|Any CPU
		{94999ACC-9CCA-447D-8BBC-ECA7A3AB62A8}.Release|x64.ActiveCfg = Release|Any CPU
		{94999ACC-9CCA-447D-8BBC-ECA7A3AB62A8}.Release|x64.Build.0 = Release|Any CPU
		{94999ACC-9CCA-447D-8BBC-ECA7A3AB62A8}.Release|x86.ActiveCfg = Release|Any CPU
		{94999ACC-9CCA-447D-8BBC-ECA7A3AB62A8}.Release|x86.Build.0 = Release|Any CPU
	EndGlobalSection
	GlobalSection(SolutionProperties) = preSolution
		HideSolutionNode = FALSE
	EndGlobalSection
	GlobalSection(NestedProjects) = preSolution
		{19E06F86-9992-4DD0-8DE3-2A3AD56A8573} = {827E0CD3-B72D-47B6-A68D-7590B98EB39B}
		{92E8A36E-7D1B-4C20-A0D1-A3F658D6E0A1} = {827E0CD3-B72D-47B6-A68D-7590B98EB39B}
		{4E578E75-654B-4B29-B5C0-C4B5989E6369} = {827E0CD3-B72D-47B6-A68D-7590B98EB39B}
		{FC685A5D-9D2F-46C2-AA6D-B5621694D2A6} = {827E0CD3-B72D-47B6-A68D-7590B98EB39B}
		{29ED0B67-7B61-4C60-ABC5-762E40B12B4E} = {827E0CD3-B72D-47B6-A68D-7590B98EB39B}
		{A691FE98-0E97-4E52-B71A-6D50CE742A07} = {0AB3BF05-4346-4AA6-1389-037BE0695223}
		{404F5504-C06D-40B9-92EC-1954E2209BE6} = {0AB3BF05-4346-4AA6-1389-037BE0695223}
		{B640BD3E-658C-4B8C-B669-AEF23A040F45} = {0AB3BF05-4346-4AA6-1389-037BE0695223}
		{94999ACC-9CCA-447D-8BBC-ECA7A3AB62A8} = {0AB3BF05-4346-4AA6-1389-037BE0695223}
	EndGlobalSection
EndGlobal
